
Microsoft Visual Studio Solution File, Format Version 12.00
# Visual Studio 15
Project("{FAE04EC0-301F-11D3-BF4B-00C04F79EFBC}") = "coom", "coom\coom.csproj", "{89DE319C-1057-4211-AFE8-5EC2799CCAD3}"
EndProject
Global
	GlobalSection(SolutionConfigurationPlatforms) = preSolution
		Debug|Any CPU = Debug|Any CPU
		Release|Any CPU = Release|Any CPU
	EndGlobalSection
	GlobalSection(ProjectConfigurationPlatforms) = postSolution
		{89DE319C-1057-4211-AFE8-5EC2799CCAD3}.Debug|Any CPU.ActiveCfg = Debug|Any CPU
		{89DE319C-1057-4211-AFE8-5EC2799CCAD3}.Debug|Any CPU.Build.0 = Debug|Any CPU
		{89DE319C-1057-4211-AFE8-5EC2799CCAD3}.Release|Any CPU.ActiveCfg = Release|Any CPU
		{89DE319C-1057-4211-AFE8-5EC2799CCAD3}.Release|Any CPU.Build.0 = Release|Any CPU
	EndGlobalSection
EndGlobal
